
Microsoft Visual Studio Solution File, Format Version 12.00
# Visual Studio Version 17
VisualStudioVersion = 17.0.31612.314
MinimumVisualStudioVersion = 10.0.40219.1
Project("{FAE04EC0-301F-11D3-BF4B-00C04F79EFBC}") = "Cake Launcher", "Cake Launcher\Cake Launcher.csproj", "{01E004E0-94E0-46EA-B88D-67FAF3576D23}"
EndProject
Global
	GlobalSection(SolutionConfigurationPlatforms) = preSolution
		Debug|Any CPU = Debug|Any CPU
		Release|Any CPU = Release|Any CPU
	EndGlobalSection
	GlobalSection(ProjectConfigurationPlatforms) = postSolution
		{01E004E0-94E0-46EA-B88D-67FAF3576D23}.Debug|Any CPU.ActiveCfg = Debug|Any CPU
		{01E004E0-94E0-46EA-B88D-67FAF3576D23}.Debug|Any CPU.Build.0 = Debug|Any CPU
		{01E004E0-94E0-46EA-B88D-67FAF3576D23}.Release|Any CPU.ActiveCfg = Release|Any CPU
		{01E004E0-94E0-46EA-B88D-67FAF3576D23}.Release|Any CPU.Build.0 = Release|Any CPU
	EndGlobalSection
	GlobalSection(SolutionProperties) = preSolution
		HideSolutionNode = FALSE
	EndGlobalSection
	GlobalSection(ExtensibilityGlobals) = postSolution
		SolutionGuid = {F6F431AD-A765-4FE0-AA06-C44307EDC6E1}
	EndGlobalSection
EndGlobal
